<?xml version="1.0" encoding="utf-8"?>
<Project ToolsVersion="4.0" xmlns="http://schemas.microsoft.com/developer/msbuild/2003">
  <ItemGroup>
    <Filter Include="源文件">
      <UniqueIdentifier>{4FC737F1-C7A5-4376-A066-2A32D752A2FF}</UniqueIdentifier>
      <Extensions>cpp;c;cc;cxx;def;odl;idl;hpj;bat;asm;asmx</Extensions>
    </Filter>
    <Filter Include="头文件">
      <UniqueIdentifier>{93995380-89BD-4b04-88EB-625FBE52EBFB}</UniqueIdentifier>
      <Extensions>h;hh;hpp;hxx;hm;inl;inc;xsd</Extensions>
    </Filter>
    <Filter Include="源文件\window">
      <UniqueIdentifier>{90644a85-426f-4e5a-ab90-e082ffa4657d}</UniqueIdentifier>
    </Filter>
    <Filter Include="头文件\window">
      <UniqueIdentifier>{5acff077-c848-4065-af87-406e28cb8287}</UniqueIdentifier>
    </Filter>
  </ItemGroup>
  <ItemGroup>
    <ClCompile Include="source\IVSDeskBandRegister.cpp">
      <Filter>源文件</Filter>
    </ClCompile>
    <ClCompile Include="source\VSDeskBandFactory.cpp">
      <Filter>源文件</Filter>
    </ClCompile>
    <ClCompile Include="source\VSDeskBandObject.cpp">
      <Filter>源文件</Filter>
    </ClCompile>
    <ClCompile Include="source\window\VSDeskBandWindow.cpp">
      <Filter>源文件\window</Filter>
    </ClCompile>
  </ItemGroup>
  <ItemGroup>
    <ClInclude Include="include\VSDeskBandFactory.h">
      <Filter>头文件</Filter>
    </ClInclude>
    <ClInclude Include="include\VSDeskBandObject.h">
      <Filter>头文件</Filter>
    </ClInclude>
    <ClInclude Include="include\window\IVSDeskBandWindowInf.h">
      <Filter>头文件\window</Filter>
    </ClInclude>
    <ClInclude Include="include\window\VSDeskBandWindow.h">
      <Filter>头文件\window</Filter>
    </ClInclude>
  </ItemGroup>
</Project>